
Microsoft Visual Studio Solution File, Format Version 12.00
# Visual Studio 15
VisualStudioVersion = 15.0.28010.2026
MinimumVisualStudioVersion = 10.0.40219.1
Project("{FAE04EC0-301F-11D3-BF4B-00C04F79EFBC}") = "DigitalCharacterSheet2", "DigitalCharacterSheet2\DigitalCharacterSheet2.csproj", "{297659A7-7D90-4729-A0D5-F836B9AA7A86}"
EndProject
Project("{FAE04EC0-301F-11D3-BF4B-00C04F79EFBC}") = "DigitalCharacterSheet2.Tests", "DigitalCharacterSheet2.Tests\DigitalCharacterSheet2.Tests.csproj", "{975022BC-9E8E-4325-AFA8-7EC53291985F}"
EndProject
Global
	GlobalSection(SolutionConfigurationPlatforms) = preSolution
		Debug|Any CPU = Debug|Any CPU
		Release|Any CPU = Release|Any CPU
	EndGlobalSection
	GlobalSection(ProjectConfigurationPlatforms) = postSolution
		{297659A7-7D90-4729-A0D5-F836B9AA7A86}.Debug|Any CPU.ActiveCfg = Debug|Any CPU
		{297659A7-7D90-4729-A0D5-F836B9AA7A86}.Debug|Any CPU.Build.0 = Debug|Any CPU
		{297659A7-7D90-4729-A0D5-F836B9AA7A86}.Release|Any CPU.ActiveCfg = Release|Any CPU
		{297659A7-7D90-4729-A0D5-F836B9AA7A86}.Release|Any CPU.Build.0 = Release|Any CPU
		{975022BC-9E8E-4325-AFA8-7EC53291985F}.Debug|Any CPU.ActiveCfg = Debug|Any CPU
		{975022BC-9E8E-4325-AFA8-7EC53291985F}.Debug|Any CPU.Build.0 = Debug|Any CPU
		{975022BC-9E8E-4325-AFA8-7EC53291985F}.Release|Any CPU.ActiveCfg = Release|Any CPU
		{975022BC-9E8E-4325-AFA8-7EC53291985F}.Release|Any CPU.Build.0 = Release|Any CPU
	EndGlobalSection
	GlobalSection(SolutionProperties) = preSolution
		HideSolutionNode = FALSE
	EndGlobalSection
	GlobalSection(ExtensibilityGlobals) = postSolution
		SolutionGuid = {5DD7DF7D-B579-4A43-8BE2-A23C87AE77DC}
	EndGlobalSection
EndGlobal
